
Microsoft Visual Studio Solution File, Format Version 12.00
# Visual Studio Version 17
VisualStudioVersion = 17.14.36414.22 d17.14
MinimumVisualStudioVersion = 10.0.40219.1
Project("{FAE04EC0-301F-11D3-BF4B-00C04F79EFBC}") = "TesteTecnicoCrud", "TesteTecnicoCrud\TesteTecnicoCrud.csproj", "{DAA84D5C-87B1-4E70-89A8-AF6C2711D4E6}"
EndProject
Project("{FAE04EC0-301F-11D3-BF4B-00C04F79EFBC}") = "TesteTecnicoCrud.Shared", "TesteTecnicoCrud.Shared\TesteTecnicoCrud.Shared.csproj", "{EAC48762-FDFB-41C7-8F52-59B282382862}"
EndProject
Project("{FAE04EC0-301F-11D3-BF4B-00C04F79EFBC}") = "TesteTecnicoCrud.Api", "TesteTecnicoCrud.Api\TesteTecnicoCrud.Api.csproj", "{D0B8387D-A4AF-487D-AE28-982F435C3708}"
EndProject
Global
	GlobalSection(SolutionConfigurationPlatforms) = preSolution
		Debug|Any CPU = Debug|Any CPU
		Release|Any CPU = Release|Any CPU
	EndGlobalSection
	GlobalSection(ProjectConfigurationPlatforms) = postSolution
		{DAA84D5C-87B1-4E70-89A8-AF6C2711D4E6}.Debug|Any CPU.ActiveCfg = Debug|Any CPU
		{DAA84D5C-87B1-4E70-89A8-AF6C2711D4E6}.Debug|Any CPU.Build.0 = Debug|Any CPU
		{DAA84D5C-87B1-4E70-89A8-AF6C2711D4E6}.Debug|Any CPU.Deploy.0 = Debug|Any CPU
		{DAA84D5C-87B1-4E70-89A8-AF6C2711D4E6}.Release|Any CPU.ActiveCfg = Release|Any CPU
		{DAA84D5C-87B1-4E70-89A8-AF6C2711D4E6}.Release|Any CPU.Build.0 = Release|Any CPU
		{EAC48762-FDFB-41C7-8F52-59B282382862}.Debug|Any CPU.ActiveCfg = Debug|Any CPU
		{EAC48762-FDFB-41C7-8F52-59B282382862}.Debug|Any CPU.Build.0 = Debug|Any CPU
		{EAC48762-FDFB-41C7-8F52-59B282382862}.Release|Any CPU.ActiveCfg = Release|Any CPU
		{EAC48762-FDFB-41C7-8F52-59B282382862}.Release|Any CPU.Build.0 = Release|Any CPU
		{D0B8387D-A4AF-487D-AE28-982F435C3708}.Debug|Any CPU.ActiveCfg = Debug|Any CPU
		{D0B8387D-A4AF-487D-AE28-982F435C3708}.Debug|Any CPU.Build.0 = Debug|Any CPU
		{D0B8387D-A4AF-487D-AE28-982F435C3708}.Release|Any CPU.ActiveCfg = Release|Any CPU
		{D0B8387D-A4AF-487D-AE28-982F435C3708}.Release|Any CPU.Build.0 = Release|Any CPU
	EndGlobalSection
	GlobalSection(SolutionProperties) = preSolution
		HideSolutionNode = FALSE
	EndGlobalSection
	GlobalSection(ExtensibilityGlobals) = postSolution
		SolutionGuid = {3E1B0918-9A6D-4F40-8CF9-F898207EABEF}
	EndGlobalSection
EndGlobal
